
Microsoft Visual Studio Solution File, Format Version 12.00
# Visual Studio Version 17
VisualStudioVersion = 17.7.34031.279
MinimumVisualStudioVersion = 10.0.40219.1
Project("{9A19103F-16F7-4668-BE54-9A1E7A4F7556}") = "OOPApp3", "OOPApp3\OOPApp3.csproj", "{86819483-9D86-483F-ABED-B96EB4C50F3A}"
EndProject
Project("{9A19103F-16F7-4668-BE54-9A1E7A4F7556}") = "P01_Class", "P01_Class\P01_Class.csproj", "{71B00C73-2154-4C7D-AEEE-29C740952835}"
EndProject
Project("{9A19103F-16F7-4668-BE54-9A1E7A4F7556}") = "HW01_Solution", "HW01_Solution\HW01_Solution.csproj", "{49BFC027-EDC4-45C9-989E-0DFD3C39914A}"
EndProject
Project("{9A19103F-16F7-4668-BE54-9A1E7A4F7556}") = "P02_Constructor", "P02_Constructor\P02_Constructor.csproj", "{CA913C4B-4E15-4801-B2C2-A2E931D960A3}"
EndProject
Project("{9A19103F-16F7-4668-BE54-9A1E7A4F7556}") = "Exercise01_P82T5", "Exercise01_P82T5\Exercise01_P82T5.csproj", "{7BD4AEFD-7430-42D2-972B-DBDC634B6167}"
EndProject
Project("{9A19103F-16F7-4668-BE54-9A1E7A4F7556}") = "P03-Encapsulate", "P03-Encapsulate\P03-Encapsulate.csproj", "{32358BD5-6364-457D-92D9-173C2841025E}"
EndProject
Project("{9A19103F-16F7-4668-BE54-9A1E7A4F7556}") = "P03_01_TestInternal", "P03_01_TestInternal\P03_01_TestInternal.csproj", "{91FB7BF0-C2D1-45C9-877D-68EA4C8863EF}"
EndProject
Project("{FAE04EC0-301F-11D3-BF4B-00C04F79EFBC}") = "Exercise02_P55T3", "Exercise02_P55T3\Exercise02_P55T3.csproj", "{9875C34F-BD97-42D5-A0D2-05109A208476}"
EndProject
Global
	GlobalSection(SolutionConfigurationPlatforms) = preSolution
		Debug|Any CPU = Debug|Any CPU
		Release|Any CPU = Release|Any CPU
	EndGlobalSection
	GlobalSection(ProjectConfigurationPlatforms) = postSolution
		{86819483-9D86-483F-ABED-B96EB4C50F3A}.Debug|Any CPU.ActiveCfg = Debug|Any CPU
		{86819483-9D86-483F-ABED-B96EB4C50F3A}.Debug|Any CPU.Build.0 = Debug|Any CPU
		{86819483-9D86-483F-ABED-B96EB4C50F3A}.Release|Any CPU.ActiveCfg = Release|Any CPU
		{86819483-9D86-483F-ABED-B96EB4C50F3A}.Release|Any CPU.Build.0 = Release|Any CPU
		{71B00C73-2154-4C7D-AEEE-29C740952835}.Debug|Any CPU.ActiveCfg = Debug|Any CPU
		{71B00C73-2154-4C7D-AEEE-29C740952835}.Debug|Any CPU.Build.0 = Debug|Any CPU
		{71B00C73-2154-4C7D-AEEE-29C740952835}.Release|Any CPU.ActiveCfg = Release|Any CPU
		{71B00C73-2154-4C7D-AEEE-29C740952835}.Release|Any CPU.Build.0 = Release|Any CPU
		{49BFC027-EDC4-45C9-989E-0DFD3C39914A}.Debug|Any CPU.ActiveCfg = Debug|Any CPU
		{49BFC027-EDC4-45C9-989E-0DFD3C39914A}.Debug|Any CPU.Build.0 = Debug|Any CPU
		{49BFC027-EDC4-45C9-989E-0DFD3C39914A}.Release|Any CPU.ActiveCfg = Release|Any CPU
		{49BFC027-EDC4-45C9-989E-0DFD3C39914A}.Release|Any CPU.Build.0 = Release|Any CPU
		{CA913C4B-4E15-4801-B2C2-A2E931D960A3}.Debug|Any CPU.ActiveCfg = Debug|Any CPU
		{CA913C4B-4E15-4801-B2C2-A2E931D960A3}.Debug|Any CPU.Build.0 = Debug|Any CPU
		{CA913C4B-4E15-4801-B2C2-A2E931D960A3}.Release|Any CPU.ActiveCfg = Release|Any CPU
		{CA913C4B-4E15-4801-B2C2-A2E931D960A3}.Release|Any CPU.Build.0 = Release|Any CPU
		{7BD4AEFD-7430-42D2-972B-DBDC634B6167}.Debug|Any CPU.ActiveCfg = Debug|Any CPU
		{7BD4AEFD-7430-42D2-972B-DBDC634B6167}.Debug|Any CPU.Build.0 = Debug|Any CPU
		{7BD4AEFD-7430-42D2-972B-DBDC634B6167}.Release|Any CPU.ActiveCfg = Release|Any CPU
		{7BD4AEFD-7430-42D2-972B-DBDC634B6167}.Release|Any CPU.Build.0 = Release|Any CPU
		{32358BD5-6364-457D-92D9-173C2841025E}.Debug|Any CPU.ActiveCfg = Debug|Any CPU
		{32358BD5-6364-457D-92D9-173C2841025E}.Debug|Any CPU.Build.0 = Debug|Any CPU
		{32358BD5-6364-457D-92D9-173C2841025E}.Release|Any CPU.ActiveCfg = Release|Any CPU
		{32358BD5-6364-457D-92D9-173C2841025E}.Release|Any CPU.Build.0 = Release|Any CPU
		{91FB7BF0-C2D1-45C9-877D-68EA4C8863EF}.Debug|Any CPU.ActiveCfg = Debug|Any CPU
		{91FB7BF0-C2D1-45C9-877D-68EA4C8863EF}.Debug|Any CPU.Build.0 = Debug|Any CPU
		{91FB7BF0-C2D1-45C9-877D-68EA4C8863EF}.Release|Any CPU.ActiveCfg = Release|Any CPU
		{91FB7BF0-C2D1-45C9-877D-68EA4C8863EF}.Release|Any CPU.Build.0 = Release|Any CPU
		{9875C34F-BD97-42D5-A0D2-05109A208476}.Debug|Any CPU.ActiveCfg = Debug|Any CPU
		{9875C34F-BD97-42D5-A0D2-05109A208476}.Debug|Any CPU.Build.0 = Debug|Any CPU
		{9875C34F-BD97-42D5-A0D2-05109A208476}.Release|Any CPU.ActiveCfg = Release|Any CPU
		{9875C34F-BD97-42D5-A0D2-05109A208476}.Release|Any CPU.Build.0 = Release|Any CPU
	EndGlobalSection
	GlobalSection(SolutionProperties) = preSolution
		HideSolutionNode = FALSE
	EndGlobalSection
	GlobalSection(ExtensibilityGlobals) = postSolution
		SolutionGuid = {BAB5C6F4-C27A-4E83-9C6B-489776FF0214}
	EndGlobalSection
EndGlobal
